// !$*UTF8*$!
{
	archiveVersion = 1;
	classes = {
	};
	objectVersion = 46;
	objects = {

/* Begin PBXBuildFile section */
		2228DA771E44876300664270 /* main.m in Sources */ = {isa = PBXBuildFile; fileRef = 2228DA761E44876300664270 /* main.m */; };
		2228DA7A1E44876300664270 /* AppDelegate.m in Sources */ = {isa = PBXBuildFile; fileRef = 2228DA791E44876300664270 /* AppDelegate.m */; };
		2228DA801E44876300664270 /* Main.storyboard in Resources */ = {isa = PBXBuildFile; fileRef = 2228DA7E1E44876300664270 /* Main.storyboard */; };
		2228DA831E44876300664270 /* GalleryApp.xcdatamodeld in Sources */ = {isa = PBXBuildFile; fileRef = 2228DA811E44876300664270 /* GalleryApp.xcdatamodeld */; };
		2228DA851E44876300664270 /* Assets.xcassets in Resources */ = {isa = PBXBuildFile; fileRef = 2228DA841E44876300664270 /* Assets.xcassets */; };
		2228DA881E44876300664270 /* LaunchScreen.storyboard in Resources */ = {isa = PBXBuildFile; fileRef = 2228DA861E44876300664270 /* LaunchScreen.storyboard */; };
		2237AB7F1E45E91E0038A32E /* UITextField+Validation.m in Sources */ = {isa = PBXBuildFile; fileRef = 2237AB7E1E45E91E0038A32E /* UITextField+Validation.m */; };
		22E1568C1E462B460086FA87 /* RegistrationViewController.m in Sources */ = {isa = PBXBuildFile; fileRef = 22E1568B1E462B460086FA87 /* RegistrationViewController.m */; };
		22E1568F1E462BF50086FA87 /* LoginViewController.m in Sources */ = {isa = PBXBuildFile; fileRef = 22E1568E1E462BF50086FA87 /* LoginViewController.m */; };
		22E156921E46358F0086FA87 /* AddImageViewController.m in Sources */ = {isa = PBXBuildFile; fileRef = 22E156911E46358F0086FA87 /* AddImageViewController.m */; };
/* End PBXBuildFile section */

/* Begin PBXFileReference section */
		2228DA721E44876300664270 /* GalleryApp.app */ = {isa = PBXFileReference; explicitFileType = wrapper.application; includeInIndex = 0; path = GalleryApp.app; sourceTree = BUILT_PRODUCTS_DIR; };
		2228DA761E44876300664270 /* main.m */ = {isa = PBXFileReference; lastKnownFileType = sourcecode.c.objc; path = main.m; sourceTree = "<group>"; };
		2228DA781E44876300664270 /* AppDelegate.h */ = {isa = PBXFileReference; lastKnownFileType = sourcecode.c.h; path = AppDelegate.h; sourceTree = "<group>"; };
		2228DA791E44876300664270 /* AppDelegate.m */ = {isa = PBXFileReference; lastKnownFileType = sourcecode.c.objc; path = AppDelegate.m; sourceTree = "<group>"; };
		2228DA7F1E44876300664270 /* Base */ = {isa = PBXFileReference; lastKnownFileType = file.storyboard; name = Base; path = Base.lproj/Main.storyboard; sourceTree = "<group>"; };
		2228DA821E44876300664270 /* GalleryApp.xcdatamodel */ = {isa = PBXFileReference; lastKnownFileType = wrapper.xcdatamodel; path = GalleryApp.xcdatamodel; sourceTree = "<group>"; };
		2228DA841E44876300664270 /* Assets.xcassets */ = {isa = PBXFileReference; lastKnownFileType = folder.assetcatalog; path = Assets.xcassets; sourceTree = "<group>"; };
		2228DA871E44876300664270 /* Base */ = {isa = PBXFileReference; lastKnownFileType = file.storyboard; name = Base; path = Base.lproj/LaunchScreen.storyboard; sourceTree = "<group>"; };
		2228DA891E44876300664270 /* Info.plist */ = {isa = PBXFileReference; lastKnownFileType = text.plist.xml; path = Info.plist; sourceTree = "<group>"; };
		2237AB7D1E45E91E0038A32E /* UITextField+Validation.h */ = {isa = PBXFileReference; fileEncoding = 4; lastKnownFileType = sourcecode.c.h; path = "UITextField+Validation.h"; sourceTree = "<group>"; };
		2237AB7E1E45E91E0038A32E /* UITextField+Validation.m */ = {isa = PBXFileReference; fileEncoding = 4; lastKnownFileType = sourcecode.c.objc; path = "UITextField+Validation.m"; sourceTree = "<group>"; };
		22E1568A1E462B460086FA87 /* RegistrationViewController.h */ = {isa = PBXFileReference; fileEncoding = 4; lastKnownFileType = sourcecode.c.h; path = RegistrationViewController.h; sourceTree = "<group>"; };
		22E1568B1E462B460086FA87 /* RegistrationViewController.m */ = {isa = PBXFileReference; fileEncoding = 4; lastKnownFileType = sourcecode.c.objc; path = RegistrationViewController.m; sourceTree = "<group>"; };
		22E1568D1E462BF50086FA87 /* LoginViewController.h */ = {isa = PBXFileReference; fileEncoding = 4; lastKnownFileType = sourcecode.c.h; path = LoginViewController.h; sourceTree = "<group>"; };
		22E1568E1E462BF50086FA87 /* LoginViewController.m */ = {isa = PBXFileReference; fileEncoding = 4; lastKnownFileType = sourcecode.c.objc; path = LoginViewController.m; sourceTree = "<group>"; };
		22E156901E46358F0086FA87 /* AddImageViewController.h */ = {isa = PBXFileReference; fileEncoding = 4; lastKnownFileType = sourcecode.c.h; path = AddImageViewController.h; sourceTree = "<group>"; };
		22E156911E46358F0086FA87 /* AddImageViewController.m */ = {isa = PBXFileReference; fileEncoding = 4; lastKnownFileType = sourcecode.c.objc; path = AddImageViewController.m; sourceTree = "<group>"; };
/* End PBXFileReference section */

/* Begin PBXFrameworksBuildPhase section */
		2228DA6F1E44876300664270 /* Frameworks */ = {
			isa = PBXFrameworksBuildPhase;
			buildActionMask = 2147483647;
			files = (
			);
			runOnlyForDeploymentPostprocessing = 0;
		};
/* End PBXFrameworksBuildPhase section */

/* Begin PBXGroup section */
		2228DA691E44876300664270 = {
			isa = PBXGroup;
			children = (
				2228DA741E44876300664270 /* GalleryApp */,
				2228DA731E44876300664270 /* Products */,
			);
			sourceTree = "<group>";
		};
		2228DA731E44876300664270 /* Products */ = {
			isa = PBXGroup;
			children = (
				2228DA721E44876300664270 /* GalleryApp.app */,
			);
			name = Products;
			sourceTree = "<group>";
		};
		2228DA741E44876300664270 /* GalleryApp */ = {
			isa = PBXGroup;
			children = (
				22FCF8141E45FD9100F33E01 /* Helper */,
				22FCF8131E45FD4800F33E01 /* ManagedObjectSubclass */,
				2237AB7C1E45E8C10038A32E /* Categories */,
				2228DA8F1E448DD400664270 /* ViewControllers */,
				2228DA901E448DE300664270 /* Storyboards */,
				2228DA781E44876300664270 /* AppDelegate.h */,
				2228DA791E44876300664270 /* AppDelegate.m */,
				2228DA841E44876300664270 /* Assets.xcassets */,
				2228DA891E44876300664270 /* Info.plist */,
				2228DA811E44876300664270 /* GalleryApp.xcdatamodeld */,
				2228DA751E44876300664270 /* Supporting Files */,
			);
			path = GalleryApp;
			sourceTree = "<group>";
		};
		2228DA751E44876300664270 /* Supporting Files */ = {
			isa = PBXGroup;
			children = (
				2228DA761E44876300664270 /* main.m */,
			);
			name = "Supporting Files";
			sourceTree = "<group>";
		};
		2228DA8F1E448DD400664270 /* ViewControllers */ = {
			isa = PBXGroup;
			children = (
				22E1568A1E462B460086FA87 /* RegistrationViewController.h */,
				22E1568B1E462B460086FA87 /* RegistrationViewController.m */,
				22E1568D1E462BF50086FA87 /* LoginViewController.h */,
				22E1568E1E462BF50086FA87 /* LoginViewController.m */,
				22E156901E46358F0086FA87 /* AddImageViewController.h */,
				22E156911E46358F0086FA87 /* AddImageViewController.m */,
			);
			name = ViewControllers;
			sourceTree = "<group>";
		};
		2228DA901E448DE300664270 /* Storyboards */ = {
			isa = PBXGroup;
			children = (
				2228DA7E1E44876300664270 /* Main.storyboard */,
				2228DA861E44876300664270 /* LaunchScreen.storyboard */,
			);
			name = Storyboards;
			sourceTree = "<group>";
		};
		2237AB7C1E45E8C10038A32E /* Categories */ = {
			isa = PBXGroup;
			children = (
				2237AB7D1E45E91E0038A32E /* UITextField+Validation.h */,
				2237AB7E1E45E91E0038A32E /* UITextField+Validation.m */,
			);
			name = Categories;
			sourceTree = "<group>";
		};
		22FCF8131E45FD4800F33E01 /* ManagedObjectSubclass */ = {
			isa = PBXGroup;
			children = (
			);
			name = ManagedObjectSubclass;
			sourceTree = "<group>";
		};
		22FCF8141E45FD9100F33E01 /* Helper */ = {
			isa = PBXGroup;
			children = (
			);
			name = Helper;
			sourceTree = "<group>";
		};
/* End PBXGroup section */

/* Begin PBXNativeTarget section */
		2228DA711E44876300664270 /* GalleryApp */ = {
			isa = PBXNativeTarget;
			buildConfigurationList = 2228DA8C1E44876300664270 /* Build configuration list for PBXNativeTarget "GalleryApp" */;
			buildPhases = (
				2228DA6E1E44876300664270 /* Sources */,
				2228DA6F1E44876300664270 /* Frameworks */,
				2228DA701E44876300664270 /* Resources */,
			);
			buildRules = (
			);
			dependencies = (
			);
			name = GalleryApp;
			productName = GalleryApp;
			productReference = 2228DA721E44876300664270 /* GalleryApp.app */;
			productType = "com.apple.product-type.application";
		};
/* End PBXNativeTarget section */

/* Begin PBXProject section */
		2228DA6A1E44876300664270 /* Project object */ = {
			isa = PBXProject;
			attributes = {
				LastUpgradeCheck = 0810;
				ORGANIZATIONNAME = Danish;
				TargetAttributes = {
					2228DA711E44876300664270 = {
						CreatedOnToolsVersion = 8.1;
						ProvisioningStyle = Manual;
					};
				};
			};
			buildConfigurationList = 2228DA6D1E44876300664270 /* Build configuration list for PBXProject "GalleryApp" */;
			compatibilityVersion = "Xcode 3.2";
			developmentRegion = English;
			hasScannedForEncodings = 0;
			knownRegions = (
				en,
				Base,
			);
			mainGroup = 2228DA691E44876300664270;
			productRefGroup = 2228DA731E44876300664270 /* Products */;
			projectDirPath = "";
			projectRoot = "";
			targets = (
				2228DA711E44876300664270 /* GalleryApp */,
			);
		};
/* End PBXProject section */

/* Begin PBXResourcesBuildPhase section */
		2228DA701E44876300664270 /* Resources */ = {
			isa = PBXResourcesBuildPhase;
			buildActionMask = 2147483647;
			files = (
				2228DA881E44876300664270 /* LaunchScreen.storyboard in Resources */,
				2228DA851E44876300664270 /* Assets.xcassets in Resources */,
				2228DA801E44876300664270 /* Main.storyboard in Resources */,
			);
			runOnlyForDeploymentPostprocessing = 0;
		};
/* End PBXResourcesBuildPhase section */

/* Begin PBXSourcesBuildPhase section */
		2228DA6E1E44876300664270 /* Sources */ = {
			isa = PBXSourcesBuildPhase;
			buildActionMask = 2147483647;
			files = (
				22E1568C1E462B460086FA87 /* RegistrationViewController.m in Sources */,
				2237AB7F1E45E91E0038A32E /* UITextField+Validation.m in Sources */,
				22E1568F1E462BF50086FA87 /* LoginViewController.m in Sources */,
				22E156921E46358F0086FA87 /* AddImageViewController.m in Sources */,
				2228DA831E44876300664270 /* GalleryApp.xcdatamodeld in Sources */,
				2228DA7A1E44876300664270 /* AppDelegate.m in Sources */,
				2228DA771E44876300664270 /* main.m in Sources */,
			);
			runOnlyForDeploymentPostprocessing = 0;
		};
/* End PBXSourcesBuildPhase section */

/* Begin PBXVariantGroup section */
		2228DA7E1E44876300664270 /* Main.storyboard */ = {
			isa = PBXVariantGroup;
			children = (
				2228DA7F1E44876300664270 /* Base */,
			);
			name = Main.storyboard;
			sourceTree = "<group>";
		};
		2228DA861E44876300664270 /* LaunchScreen.storyboard */ = {
			isa = PBXVariantGroup;
			children = (
				2228DA871E44876300664270 /* Base */,
			);
			name = LaunchScreen.storyboard;
			sourceTree = "<group>";
		};
/* End PBXVariantGroup section */

/* Begin XCBuildConfiguration section */
		2228DA8A1E44876300664270 /* Debug */ = {
			isa = XCBuildConfiguration;
			buildSettings = {
				ALWAYS_SEARCH_USER_PATHS = NO;
				CLANG_ANALYZER_NONNULL = YES;
				CLANG_CXX_LANGUAGE_STANDARD = "gnu++0x";
				CLANG_CXX_LIBRARY = "libc++";
				CLANG_ENABLE_MODULES = YES;
				CLANG_ENABLE_OBJC_ARC = YES;
				CLANG_WARN_BOOL_CONVERSION = YES;
				CLANG_WARN_CONSTANT_CONVERSION = YES;
				CLANG_WARN_DIRECT_OBJC_ISA_USAGE = YES_ERROR;
				CLANG_WARN_DOCUMENTATION_COMMENTS = YES;
				CLANG_WARN_EMPTY_BODY = YES;
				CLANG_WARN_ENUM_CONVERSION = YES;
				CLANG_WARN_INFINITE_RECURSION = YES;
				CLANG_WARN_INT_CONVERSION = YES;
				CLANG_WARN_OBJC_ROOT_CLASS = YES_ERROR;
				CLANG_WARN_SUSPICIOUS_MOVES = YES;
				CLANG_WARN_UNREACHABLE_CODE = YES;
				CLANG_WARN__DUPLICATE_METHOD_MATCH = YES;
				"CODE_SIGN_IDENTITY[sdk=iphoneos*]" = "iPhone Developer";
				COPY_PHASE_STRIP = NO;
				DEBUG_INFORMATION_FORMAT = dwarf;
				ENABLE_STRICT_OBJC_MSGSEND = YES;
				ENABLE_TESTABILITY = YES;
				GCC_C_LANGUAGE_STANDARD = gnu99;
				GCC_DYNAMIC_NO_PIC = NO;
				GCC_NO_COMMON_BLOCKS = YES;
				GCC_OPTIMIZATION_LEVEL = 0;
				GCC_PREPROCESSOR_DEFINITIONS = (
					"DEBUG=1",
					"$(inherited)",
				);
				GCC_WARN_64_TO_32_BIT_CONVERSION = YES;
				GCC_WARN_ABOUT_RETURN_TYPE = YES_ERROR;
				GCC_WARN_UNDECLARED_SELECTOR = YES;
				GCC_WARN_UNINITIALIZED_AUTOS = YES_AGGRESSIVE;
				GCC_WARN_UNUSED_FUNCTION = YES;
				GCC_WARN_UNUSED_VARIABLE = YES;
				IPHONEOS_DEPLOYMENT_TARGET = 10.1;
				MTL_ENABLE_DEBUG_INFO = YES;
				ONLY_ACTIVE_ARCH = YES;
				SDKROOT = iphoneos;
			};
			name = Debug;
		};
		2228DA8B1E44876300664270 /* Release */ = {
			isa = XCBuildConfiguration;
			buildSettings = {
				ALWAYS_SEARCH_USER_PATHS = NO;
				CLANG_ANALYZER_NONNULL = YES;
				CLANG_CXX_LANGUAGE_STANDARD = "gnu++0x";
				CLANG_CXX_LIBRARY = "libc++";
				CLANG_ENABLE_MODULES = YES;
				CLANG_ENABLE_OBJC_ARC = YES;
				CLANG_WARN_BOOL_CONVERSION = YES;
				CLANG_WARN_CONSTANT_CONVERSION = YES;
				CLANG_WARN_DIRECT_OBJC_ISA_USAGE = YES_ERROR;
				CLANG_WARN_DOCUMENTATION_COMMENTS = YES;
				CLANG_WARN_EMPTY_BODY = YES;
				CLANG_WARN_ENUM_CONVERSION = YES;
				CLANG_WARN_INFINITE_RECURSION = YES;
				CLANG_WARN_INT_CONVERSION = YES;
				CLANG_WARN_OBJC_ROOT_CLASS = YES_ERROR;
				CLANG_WARN_SUSPICIOUS_MOVES = YES;
				CLANG_WARN_UNREACHABLE_CODE = YES;
				CLANG_WARN__DUPLICATE_METHOD_MATCH = YES;
				"CODE_SIGN_IDENTITY[sdk=iphoneos*]" = "iPhone Developer";
				COPY_PHASE_STRIP = NO;
				DEBUG_INFORMATION_FORMAT = "dwarf-with-dsym";
				ENABLE_NS_ASSERTIONS = NO;
				ENABLE_STRICT_OBJC_MSGSEND = YES;
				GCC_C_LANGUAGE_STANDARD = gnu99;
				GCC_NO_COMMON_BLOCKS = YES;
				GCC_WARN_64_TO_32_BIT_CONVERSION = YES;
				GCC_WARN_ABOUT_RETURN_TYPE = YES_ERROR;
				GCC_WARN_UNDECLARED_SELECTOR = YES;
				GCC_WARN_UNINITIALIZED_AUTOS = YES_AGGRESSIVE;
				GCC_WARN_UNUSED_FUNCTION = YES;
				GCC_WARN_UNUSED_VARIABLE = YES;
				IPHONEOS_DEPLOYMENT_TARGET = 10.1;
				MTL_ENABLE_DEBUG_INFO = NO;
				SDKROOT = iphoneos;
				VALIDATE_PRODUCT = YES;
			};
			name = Release;
		};
		2228DA8D1E44876300664270 /* Debug */ = {
			isa = XCBuildConfiguration;
			buildSettings = {
				ASSETCATALOG_COMPILER_APPICON_NAME = AppIcon;
				DEVELOPMENT_TEAM = "";
				INFOPLIST_FILE = GalleryApp/Info.plist;
				IPHONEOS_DEPLOYMENT_TARGET = 8.0;
				LD_RUNPATH_SEARCH_PATHS = "$(inherited) @executable_path/Frameworks";
				PRODUCT_BUNDLE_IDENTIFIER = com.Danish.GalleryApp;
				PRODUCT_NAME = "$(TARGET_NAME)";
			};
			name = Debug;
		};
		2228DA8E1E44876300664270 /* Release */ = {
			isa = XCBuildConfiguration;
			buildSettings = {
				ASSETCATALOG_COMPILER_APPICON_NAME = AppIcon;
				DEVELOPMENT_TEAM = "";
				INFOPLIST_FILE = GalleryApp/Info.plist;
				IPHONEOS_DEPLOYMENT_TARGET = 8.0;
				LD_RUNPATH_SEARCH_PATHS = "$(inherited) @executable_path/Frameworks";
				PRODUCT_BUNDLE_IDENTIFIER = com.Danish.GalleryApp;
				PRODUCT_NAME = "$(TARGET_NAME)";
			};
			name = Release;
		};
/* End XCBuildConfiguration section */

/* Begin XCConfigurationList section */
		2228DA6D1E44876300664270 /* Build configuration list for PBXProject "GalleryApp" */ = {
			isa = XCConfigurationList;
			buildConfigurations = (
				2228DA8A1E44876300664270 /* Debug */,
				2228DA8B1E44876300664270 /* Release */,
			);
			defaultConfigurationIsVisible = 0;
			defaultConfigurationName = Release;
		};
		2228DA8C1E44876300664270 /* Build configuration list for PBXNativeTarget "GalleryApp" */ = {
			isa = XCConfigurationList;
			buildConfigurations = (
				2228DA8D1E44876300664270 /* Debug */,
				2228DA8E1E44876300664270 /* Release */,
			);
			defaultConfigurationIsVisible = 0;
			defaultConfigurationName = Release;
		};
/* End XCConfigurationList section */

/* Begin XCVersionGroup section */
		2228DA811E44876300664270 /* GalleryApp.xcdatamodeld */ = {
			isa = XCVersionGroup;
			children = (
				2228DA821E44876300664270 /* GalleryApp.xcdatamodel */,
			);
			currentVersion = 2228DA821E44876300664270 /* GalleryApp.xcdatamodel */;
			path = GalleryApp.xcdatamodeld;
			sourceTree = "<group>";
			versionGroupType = wrapper.xcdatamodel;
		};
/* End XCVersionGroup section */
	};
	rootObject = 2228DA6A1E44876300664270 /* Project object */;
}
